
Microsoft Visual Studio Solution File, Format Version 12.00
# Visual Studio 15
VisualStudioVersion = 15.0.28307.757
MinimumVisualStudioVersion = 10.0.40219.1
Project("{FAE04EC0-301F-11D3-BF4B-00C04F79EFBC}") = "ExponentApp", "ExponentApp\ExponentApp.csproj", "{A86135C5-DDA0-4149-9F99-1A4E6A94B73B}"
EndProject
Global
	GlobalSection(SolutionConfigurationPlatforms) = preSolution
		Debug|Any CPU = Debug|Any CPU
		Release|Any CPU = Release|Any CPU
	EndGlobalSection
	GlobalSection(ProjectConfigurationPlatforms) = postSolution
		{A86135C5-DDA0-4149-9F99-1A4E6A94B73B}.Debug|Any CPU.ActiveCfg = Debug|Any CPU
		{A86135C5-DDA0-4149-9F99-1A4E6A94B73B}.Debug|Any CPU.Build.0 = Debug|Any CPU
		{A86135C5-DDA0-4149-9F99-1A4E6A94B73B}.Release|Any CPU.ActiveCfg = Release|Any CPU
		{A86135C5-DDA0-4149-9F99-1A4E6A94B73B}.Release|Any CPU.Build.0 = Release|Any CPU
	EndGlobalSection
	GlobalSection(SolutionProperties) = preSolution
		HideSolutionNode = FALSE
	EndGlobalSection
	GlobalSection(ExtensibilityGlobals) = postSolution
		SolutionGuid = {A6182BB8-B6DE-4F15-8B4B-0ADE5E12B2E5}
	EndGlobalSection
EndGlobal
