
Microsoft Visual Studio Solution File, Format Version 12.00
# Visual Studio 15
VisualStudioVersion = 15.0.28307.757
MinimumVisualStudioVersion = 10.0.40219.1
Project("{FAE04EC0-301F-11D3-BF4B-00C04F79EFBC}") = "CalculatorApp", "CalculatorApp\CalculatorApp.csproj", "{4ECB2EB6-2DB5-4476-A5AB-78647CDB3760}"
EndProject
Global
	GlobalSection(SolutionConfigurationPlatforms) = preSolution
		Debug|Any CPU = Debug|Any CPU
		Release|Any CPU = Release|Any CPU
	EndGlobalSection
	GlobalSection(ProjectConfigurationPlatforms) = postSolution
		{4ECB2EB6-2DB5-4476-A5AB-78647CDB3760}.Debug|Any CPU.ActiveCfg = Debug|Any CPU
		{4ECB2EB6-2DB5-4476-A5AB-78647CDB3760}.Debug|Any CPU.Build.0 = Debug|Any CPU
		{4ECB2EB6-2DB5-4476-A5AB-78647CDB3760}.Release|Any CPU.ActiveCfg = Release|Any CPU
		{4ECB2EB6-2DB5-4476-A5AB-78647CDB3760}.Release|Any CPU.Build.0 = Release|Any CPU
	EndGlobalSection
	GlobalSection(SolutionProperties) = preSolution
		HideSolutionNode = FALSE
	EndGlobalSection
	GlobalSection(ExtensibilityGlobals) = postSolution
		SolutionGuid = {63DD45FC-7FD6-4F7D-AE52-0AC65FEAAD9E}
	EndGlobalSection
EndGlobal
