
Microsoft Visual Studio Solution File, Format Version 12.00
# Visual Studio 15
VisualStudioVersion = 15.0.28307.757
MinimumVisualStudioVersion = 10.0.40219.1
Project("{FAE04EC0-301F-11D3-BF4B-00C04F79EFBC}") = "madLibs", "madLibs\madLibs.csproj", "{F4073476-58A0-4ACD-99A2-411F9152A19B}"
EndProject
Global
	GlobalSection(SolutionConfigurationPlatforms) = preSolution
		Debug|Any CPU = Debug|Any CPU
		Release|Any CPU = Release|Any CPU
	EndGlobalSection
	GlobalSection(ProjectConfigurationPlatforms) = postSolution
		{F4073476-58A0-4ACD-99A2-411F9152A19B}.Debug|Any CPU.ActiveCfg = Debug|Any CPU
		{F4073476-58A0-4ACD-99A2-411F9152A19B}.Debug|Any CPU.Build.0 = Debug|Any CPU
		{F4073476-58A0-4ACD-99A2-411F9152A19B}.Release|Any CPU.ActiveCfg = Release|Any CPU
		{F4073476-58A0-4ACD-99A2-411F9152A19B}.Release|Any CPU.Build.0 = Release|Any CPU
	EndGlobalSection
	GlobalSection(SolutionProperties) = preSolution
		HideSolutionNode = FALSE
	EndGlobalSection
	GlobalSection(ExtensibilityGlobals) = postSolution
		SolutionGuid = {7C0FCCBE-B9BC-431B-B639-3C4C9C5559BA}
	EndGlobalSection
EndGlobal
